Microsoft Visual Studio Solution File, Format Version 11.00
# Visual Studio 2008

Project("{8E878F9B-85ED-76A2-C0E1-E4941801CEB3}") = "UNITY-GIT", "Assembly-CSharp.csproj", "{C7EF368B-30AC-1DA2-8835-21B881E610CF}"
EndProject
Global
	GlobalSection(SolutionConfigurationPlatforms) = preSolution
		Debug|Any CPU = Debug|Any CPU
		Release|Any CPU = Release|Any CPU
	EndGlobalSection
	GlobalSection(ProjectConfigurationPlatforms) = postSolution
		{C7EF368B-30AC-1DA2-8835-21B881E610CF}.Debug|Any CPU.ActiveCfg = Debug|Any CPU
		{C7EF368B-30AC-1DA2-8835-21B881E610CF}.Debug|Any CPU.Build.0 = Debug|Any CPU
		{C7EF368B-30AC-1DA2-8835-21B881E610CF}.Release|Any CPU.ActiveCfg = Release|Any CPU
		{C7EF368B-30AC-1DA2-8835-21B881E610CF}.Release|Any CPU.Build.0 = Release|Any CPU
	EndGlobalSection
	GlobalSection(SolutionProperties) = preSolution
		HideSolutionNode = FALSE
	EndGlobalSection
	GlobalSection(MonoDevelopProperties) = preSolution
		StartupItem = Assembly-CSharp.csproj
	EndGlobalSection
EndGlobal
